{
  "name": "@is-(unknown)/is-false",
  "version": "1.3.0",
  "lockfileVersion": 3,
  "requires": true,
  "packages": {
    "": {
      "name": "@is-(unknown)/is-false",
      "version": "1.3.0",
      "license": "MIT",
      "dependencies": {
        "false-value": "^2.0.1"
      }
    },
    "node_modules/@not-js/not": {
      "version": "1.1.0",
      "resolved": "https://registry.npmjs.org/@not-js/not/-/not-1.1.0.tgz",
      "integrity": "sha512-jtU8ntqM93oCXW2T1R/bxkCxgGK904KtIIfceI2IGAXHPFef/MoAKFl8BsgXuc34kHvCKV0Va0azX54ryIpASw==",
      "license": "ISC",
      "dependencies": {
        "not": "^0.1.0"
      }
    },
    "node_modules/false-value": {
      "version": "2.0.1",
      "resolved": "https://registry.npmjs.org/false-value/-/false-value-2.0.1.tgz",
      "integrity": "sha512-7H745db10I3b/+48Ua1kXQLP/GAPwj9t1oQbh4hJjqrqIW8Qbe1ZOG8OBGox3eriFqqf1hA0p13tyQQ5lCkkPg==",
      "license": "UNLICENSED",
      "dependencies": {
        "@not-js/not": "^1.0.0",
        "true-value": "^2.0.0"
      }
    },
    "node_modules/not": {
      "version": "0.1.0",
      "resolved": "https://registry.npmjs.org/not/-/not-0.1.0.tgz",
      "integrity": "sha512-5PDmaAsVfnWUgTUbJ3ERwn7u79Z0dYxN9ErxCpVJJqe2RK0PJ3z+iFUxuqjwtlDDegXvtWoxD/3Fzxox7tFGWA=="
    },
    "node_modules/true-value": {
      "version": "2.0.5",
      "resolved": "https://registry.npmjs.org/true-value/-/true-value-2.0.5.tgz",
      "integrity": "sha512-/3BokLYzCelErHUtNjN/h8usRdHVoyiZ8XjfntzOZAYs8D0wSyc98KBIMM+gLqmq2RI8Zk3SnuqZI89hiopiRw==",
      "license": "UNLICENSED"
    }
  }
}
